{
  "name": "dance-with-me",
  "version": "0.0.0",
  "lockfileVersion": 2,
  "requires": true,
  "packages": {
    "": {
      "name": "dance-with-me",
      "version": "0.0.0",
      "workspaces": [
        "frontend/*",
        "backend/*",
        "packages/*"
      ],
      "devDependencies": {},
      "engines": {
        "node": ">=16.0.0",
        "npm": ">=8.0.0"
      }
    },
    "node_modules/config": {
      "resolved": "packages/config",
      "link": true
    },
    "node_modules/tsconfig": {
      "resolved": "packages/tsconfig",
      "link": true
    },
    "packages/config": {
      "version": "1.0.0",
      "license": "MIT"
    },
    "packages/tsconfig": {
      "version": "0.0.0"
    }
  },
  "dependencies": {
    "config": {
      "version": "file:packages/config"
    },
    "tsconfig": {
      "version": "file:packages/tsconfig"
    }
  }
}
